
Microsoft Visual Studio Solution File, Format Version 12.00
Project("{FAE04EC0-301F-11D3-BF4B-00C04F79EFBC}") = "Core", "Core\Core.csproj", "{1426FEEC-4EB6-4A73-957E-C6B87BB8ACC4}"
EndProject
Project("{FAE04EC0-301F-11D3-BF4B-00C04F79EFBC}") = "RSACrypter", "RSACrypter\RSACrypter.csproj", "{DA962D62-2C52-44FD-9F52-AAA134CBB73E}"
EndProject
Project("{FAE04EC0-301F-11D3-BF4B-00C04F79EFBC}") = "Tests", "Tests\Tests.csproj", "{7771947F-ECEA-44BB-9ED9-66A93B5F4614}"
EndProject
Project("{FAE04EC0-301F-11D3-BF4B-00C04F79EFBC}") = "RSAFileCrypter", "RSAFileCrypter\RSAFileCrypter.csproj", "{82CBF078-B3FD-4961-BC70-20B082004590}"
EndProject
Global
	GlobalSection(SolutionConfigurationPlatforms) = preSolution
		Debug|Any CPU = Debug|Any CPU
		Release|Any CPU = Release|Any CPU
	EndGlobalSection
	GlobalSection(ProjectConfigurationPlatforms) = postSolution
		{1426FEEC-4EB6-4A73-957E-C6B87BB8ACC4}.Debug|Any CPU.ActiveCfg = Debug|Any CPU
		{1426FEEC-4EB6-4A73-957E-C6B87BB8ACC4}.Debug|Any CPU.Build.0 = Debug|Any CPU
		{1426FEEC-4EB6-4A73-957E-C6B87BB8ACC4}.Release|Any CPU.ActiveCfg = Release|Any CPU
		{1426FEEC-4EB6-4A73-957E-C6B87BB8ACC4}.Release|Any CPU.Build.0 = Release|Any CPU
		{DA962D62-2C52-44FD-9F52-AAA134CBB73E}.Debug|Any CPU.ActiveCfg = Debug|Any CPU
		{DA962D62-2C52-44FD-9F52-AAA134CBB73E}.Debug|Any CPU.Build.0 = Debug|Any CPU
		{DA962D62-2C52-44FD-9F52-AAA134CBB73E}.Release|Any CPU.ActiveCfg = Release|Any CPU
		{DA962D62-2C52-44FD-9F52-AAA134CBB73E}.Release|Any CPU.Build.0 = Release|Any CPU
		{7771947F-ECEA-44BB-9ED9-66A93B5F4614}.Debug|Any CPU.ActiveCfg = Debug|Any CPU
		{7771947F-ECEA-44BB-9ED9-66A93B5F4614}.Debug|Any CPU.Build.0 = Debug|Any CPU
		{7771947F-ECEA-44BB-9ED9-66A93B5F4614}.Release|Any CPU.ActiveCfg = Release|Any CPU
		{7771947F-ECEA-44BB-9ED9-66A93B5F4614}.Release|Any CPU.Build.0 = Release|Any CPU
		{82CBF078-B3FD-4961-BC70-20B082004590}.Debug|Any CPU.ActiveCfg = Debug|Any CPU
		{82CBF078-B3FD-4961-BC70-20B082004590}.Debug|Any CPU.Build.0 = Debug|Any CPU
		{82CBF078-B3FD-4961-BC70-20B082004590}.Release|Any CPU.ActiveCfg = Release|Any CPU
		{82CBF078-B3FD-4961-BC70-20B082004590}.Release|Any CPU.Build.0 = Release|Any CPU
	EndGlobalSection
EndGlobal
